// !$*UTF8*$!
{
	archiveVersion = 1;
	classes = {
	};
	objectVersion = 77;
	objects = {

/* Begin PBXBuildFile section */
		7139B9FC2FFCBDE8009FACA6 /* FirebaseCore in Frameworks */ = {isa = PBXBuildFile; productRef = 7139B9FB2FFCBDE8009FACA6 /* FirebaseCore */; };
		7139B9FE2FFCBDE8009FACA6 /* FirebaseFirestore in Frameworks */ = {isa = PBXBuildFile; productRef = 7139B9FD2FFCBDE8009FACA6 /* FirebaseFirestore */; };
		718F98252FBD612A002739A6 /* WidgetKit.framework in Frameworks */ = {isa = PBXBuildFile; fileRef = 718F98242FBD612A002739A6 /* WidgetKit.framework */; };
		718F98272FBD612A002739A6 /* SwiftUI.framework in Frameworks */ = {isa = PBXBuildFile; fileRef = 718F98262FBD612A002739A6 /* SwiftUI.framework */; };
		718F98342FBD612B002739A6 /* WidgetExtensionExtension.appex in Embed Foundation Extensions */ = {isa = PBXBuildFile; fileRef = 718F98222FBD612A002739A6 /* WidgetExtensionExtension.appex */; settings = {ATTRIBUTES = (RemoveHeadersOnCopy, ); }; };
/* End PBXBuildFile section */

/* Begin PBXContainerItemProxy section */
		718F97632FB0AC66002739A6 /* PBXContainerItemProxy */ = {
			isa = PBXContainerItemProxy;
			containerPortal = 718F97482FB0AC64002739A6 /* Project object */;
			proxyType = 1;
			remoteGlobalIDString = 718F974F2FB0AC64002739A6;
			remoteInfo = LessonCalendar;
		};
		718F976D2FB0AC66002739A6 /* PBXContainerItemProxy */ = {
			isa = PBXContainerItemProxy;
			containerPortal = 718F97482FB0AC64002739A6 /* Project object */;
			proxyType = 1;
			remoteGlobalIDString = 718F974F2FB0AC64002739A6;
			remoteInfo = LessonCalendar;
		};
		718F98322FBD612B002739A6 /* PBXContainerItemProxy */ = {
			isa = PBXContainerItemProxy;
			containerPortal = 718F97482FB0AC64002739A6 /* Project object */;
			proxyType = 1;
			remoteGlobalIDString = 718F98212FBD612A002739A6;
			remoteInfo = WidgetExtensionExtension;
		};
/* End PBXContainerItemProxy section */

/* Begin PBXCopyFilesBuildPhase section */
		718F98352FBD612B002739A6 /* Embed Foundation Extensions */ = {
			isa = PBXCopyFilesBuildPhase;
			buildActionMask = 2147483647;
			dstPath = "";
			dstSubfolderSpec = 13;
			files = (
				718F98342FBD612B002739A6 /* WidgetExtensionExtension.appex in Embed Foundation Extensions */,
			);
			name = "Embed Foundation Extensions";
			runOnlyForDeploymentPostprocessing = 0;
		};
/* End PBXCopyFilesBuildPhase section */

/* Begin PBXFileReference section */
		718F97502FB0AC64002739A6 /* LessonCalendar.app */ = {isa = PBXFileReference; explicitFileType = wrapper.application; includeInIndex = 0; path = LessonCalendar.app; sourceTree = BUILT_PRODUCTS_DIR; };
		718F97622FB0AC66002739A6 /* LessonCalendarTests.xctest */ = {isa = PBXFileReference; explicitFileType = wrapper.cfbundle; includeInIndex = 0; path = LessonCalendarTests.xctest; sourceTree = BUILT_PRODUCTS_DIR; };
		718F976C2FB0AC66002739A6 /* LessonCalendarUITests.xctest */ = {isa = PBXFileReference; explicitFileType = wrapper.cfbundle; includeInIndex = 0; path = LessonCalendarUITests.xctest; sourceTree = BUILT_PRODUCTS_DIR; };
		718F98222FBD612A002739A6 /* WidgetExtensionExtension.appex */ = {isa = PBXFileReference; explicitFileType = "wrapper.app-extension"; includeInIndex = 0; path = WidgetExtensionExtension.appex; sourceTree = BUILT_PRODUCTS_DIR; };
		718F98242FBD612A002739A6 /* WidgetKit.framework */ = {isa = PBXFileReference; lastKnownFileType = wrapper.framework; name = WidgetKit.framework; path = System/Library/Frameworks/WidgetKit.framework; sourceTree = SDKROOT; };
		718F98262FBD612A002739A6 /* SwiftUI.framework */ = {isa = PBXFileReference; lastKnownFileType = wrapper.framework; name = SwiftUI.framework; path = System/Library/Frameworks/SwiftUI.framework; sourceTree = SDKROOT; };
		718F983B2FBD69BD002739A6 /* WidgetExtensionExtension.entitlements */ = {isa = PBXFileReference; lastKnownFileType = text.plist.entitlements; path = WidgetExtensionExtension.entitlements; sourceTree = "<group>"; };
/* End PBXFileReference section */

/* Begin PBXFileSystemSynchronizedBuildFileExceptionSet section */
		718F98382FBD612B002739A6 /* Exceptions for "WidgetExtension" folder in "WidgetExtensionExtension" target */ = {
			isa = PBXFileSystemSynchronizedBuildFileExceptionSet;
			membershipExceptions = (
				Info.plist,
			);
			target = 718F98212FBD612A002739A6 /* WidgetExtensionExtension */;
		};
/* End PBXFileSystemSynchronizedBuildFileExceptionSet section */

/* Begin PBXFileSystemSynchronizedRootGroup section */
		718F97522FB0AC64002739A6 /* LessonCalendar */ = {
			isa = PBXFileSystemSynchronizedRootGroup;
			path = LessonCalendar;
			sourceTree = "<group>";
		};
		718F97652FB0AC66002739A6 /* LessonCalendarTests */ = {
			isa = PBXFileSystemSynchronizedRootGroup;
			path = LessonCalendarTests;
			sourceTree = "<group>";
		};
		718F976F2FB0AC66002739A6 /* LessonCalendarUITests */ = {
			isa = PBXFileSystemSynchronizedRootGroup;
			path = LessonCalendarUITests;
			sourceTree = "<group>";
		};
		718F98282FBD612A002739A6 /* WidgetExtension */ = {
			isa = PBXFileSystemSynchronizedRootGroup;
			exceptions = (
				718F98382FBD612B002739A6 /* Exceptions for "WidgetExtension" folder in "WidgetExtensionExtension" target */,
			);
			path = WidgetExtension;
			sourceTree = "<group>";
		};
/* End PBXFileSystemSynchronizedRootGroup section */

/* Begin PBXFrameworksBuildPhase section */
		718F974D2FB0AC64002739A6 /* Frameworks */ = {
			isa = PBXFrameworksBuildPhase;
			buildActionMask = 2147483647;
			files = (
				7139B9FC2FFCBDE8009FACA6 /* FirebaseCore in Frameworks */,
				7139B9FE2FFCBDE8009FACA6 /* FirebaseFirestore in Frameworks */,
			);
			runOnlyForDeploymentPostprocessing = 0;
		};
		718F975F2FB0AC66002739A6 /* Frameworks */ = {
			isa = PBXFrameworksBuildPhase;
			buildActionMask = 2147483647;
			files = (
			);
			runOnlyForDeploymentPostprocessing = 0;
		};
		718F97692FB0AC66002739A6 /* Frameworks */ = {
			isa = PBXFrameworksBuildPhase;
			buildActionMask = 2147483647;
			files = (
			);
			runOnlyForDeploymentPostprocessing = 0;
		};
		718F981F2FBD612A002739A6 /* Frameworks */ = {
			isa = PBXFrameworksBuildPhase;
			buildActionMask = 2147483647;
			files = (
				718F98272FBD612A002739A6 /* SwiftUI.framework in Frameworks */,
				718F98252FBD612A002739A6 /* WidgetKit.framework in Frameworks */,
			);
			runOnlyForDeploymentPostprocessing = 0;
		};
/* End PBXFrameworksBuildPhase section */

/* Begin PBXGroup section */
		718F97472FB0AC64002739A6 = {
			isa = PBXGroup;
			children = (
				718F983B2FBD69BD002739A6 /* WidgetExtensionExtension.entitlements */,
				718F97522FB0AC64002739A6 /* LessonCalendar */,
				718F97652FB0AC66002739A6 /* LessonCalendarTests */,
				718F976F2FB0AC66002739A6 /* LessonCalendarUITests */,
				718F98282FBD612A002739A6 /* WidgetExtension */,
				718F98232FBD612A002739A6 /* Frameworks */,
				718F97512FB0AC64002739A6 /* Products */,
			);
			sourceTree = "<group>";
		};
		718F97512FB0AC64002739A6 /* Products */ = {
			isa = PBXGroup;
			children = (
				718F97502FB0AC64002739A6 /* LessonCalendar.app */,
				718F97622FB0AC66002739A6 /* LessonCalendarTests.xctest */,
				718F976C2FB0AC66002739A6 /* LessonCalendarUITests.xctest */,
				718F98222FBD612A002739A6 /* WidgetExtensionExtension.appex */,
			);
			name = Products;
			sourceTree = "<group>";
		};
		718F98232FBD612A002739A6 /* Frameworks */ = {
			isa = PBXGroup;
			children = (
				718F98242FBD612A002739A6 /* WidgetKit.framework */,
				718F98262FBD612A002739A6 /* SwiftUI.framework */,
			);
			name = Frameworks;
			sourceTree = "<group>";
		};
/* End PBXGroup section */

/* Begin PBXNativeTarget section */
		718F974F2FB0AC64002739A6 /* LessonCalendar */ = {
			isa = PBXNativeTarget;
			buildConfigurationList = 718F97762FB0AC66002739A6 /* Build configuration list for PBXNativeTarget "LessonCalendar" */;
			buildPhases = (
				718F974C2FB0AC64002739A6 /* Sources */,
				718F974D2FB0AC64002739A6 /* Frameworks */,
				718F974E2FB0AC64002739A6 /* Resources */,
				718F98352FBD612B002739A6 /* Embed Foundation Extensions */,
			);
			buildRules = (
			);
			dependencies = (
				718F98332FBD612B002739A6 /* PBXTargetDependency */,
			);
			fileSystemSynchronizedGroups = (
				718F97522FB0AC64002739A6 /* LessonCalendar */,
			);
			name = LessonCalendar;
			packageProductDependencies = (
				7139B9FB2FFCBDE8009FACA6 /* FirebaseCore */,
				7139B9FD2FFCBDE8009FACA6 /* FirebaseFirestore */,
			);
			productName = LessonCalendar;
			productReference = 718F97502FB0AC64002739A6 /* LessonCalendar.app */;
			productType = "com.apple.product-type.application";
		};
		718F97612FB0AC66002739A6 /* LessonCalendarTests */ = {
			isa = PBXNativeTarget;
			buildConfigurationList = 718F97792FB0AC66002739A6 /* Build configuration list for PBXNativeTarget "LessonCalendarTests" */;
			buildPhases = (
				718F975E2FB0AC66002739A6 /* Sources */,
				718F975F2FB0AC66002739A6 /* Frameworks */,
				718F97602FB0AC66002739A6 /* Resources */,
			);
			buildRules = (
			);
			dependencies = (
				718F97642FB0AC66002739A6 /* PBXTargetDependency */,
			);
			fileSystemSynchronizedGroups = (
				718F97652FB0AC66002739A6 /* LessonCalendarTests */,
			);
			name = LessonCalendarTests;
			packageProductDependencies = (
			);
			productName = LessonCalendarTests;
			productReference = 718F97622FB0AC66002739A6 /* LessonCalendarTests.xctest */;
			productType = "com.apple.product-type.bundle.unit-test";
		};
		718F976B2FB0AC66002739A6 /* LessonCalendarUITests */ = {
			isa = PBXNativeTarget;
			buildConfigurationList = 718F977C2FB0AC66002739A6 /* Build configuration list for PBXNativeTarget "LessonCalendarUITests" */;
			buildPhases = (
				718F97682FB0AC66002739A6 /* Sources */,
				718F97692FB0AC66002739A6 /* Frameworks */,
				718F976A2FB0AC66002739A6 /* Resources */,
			);
			buildRules = (
			);
			dependencies = (
				718F976E2FB0AC66002739A6 /* PBXTargetDependency */,
			);
			fileSystemSynchronizedGroups = (
				718F976F2FB0AC66002739A6 /* LessonCalendarUITests */,
			);
			name = LessonCalendarUITests;
			packageProductDependencies = (
			);
			productName = LessonCalendarUITests;
			productReference = 718F976C2FB0AC66002739A6 /* LessonCalendarUITests.xctest */;
			productType = "com.apple.product-type.bundle.ui-testing";
		};
		718F98212FBD612A002739A6 /* WidgetExtensionExtension */ = {
			isa = PBXNativeTarget;
			buildConfigurationList = 718F98392FBD612B002739A6 /* Build configuration list for PBXNativeTarget "WidgetExtensionExtension" */;
			buildPhases = (
				718F981E2FBD612A002739A6 /* Sources */,
				718F981F2FBD612A002739A6 /* Frameworks */,
				718F98202FBD612A002739A6 /* Resources */,
			);
			buildRules = (
			);
			dependencies = (
			);
			fileSystemSynchronizedGroups = (
				718F98282FBD612A002739A6 /* WidgetExtension */,
			);
			name = WidgetExtensionExtension;
			packageProductDependencies = (
			);
			productName = WidgetExtensionExtension;
			productReference = 718F98222FBD612A002739A6 /* WidgetExtensionExtension.appex */;
			productType = "com.apple.product-type.app-extension";
		};
/* End PBXNativeTarget section */

/* Begin PBXProject section */
		718F97482FB0AC64002739A6 /* Project object */ = {
			isa = PBXProject;
			attributes = {
				BuildIndependentTargetsInParallel = 1;
				LastSwiftUpdateCheck = 1620;
				LastUpgradeCheck = 1620;
				TargetAttributes = {
					718F974F2FB0AC64002739A6 = {
						CreatedOnToolsVersion = 16.2;
					};
					718F97612FB0AC66002739A6 = {
						CreatedOnToolsVersion = 16.2;
						TestTargetID = 718F974F2FB0AC64002739A6;
					};
					718F976B2FB0AC66002739A6 = {
						CreatedOnToolsVersion = 16.2;
						TestTargetID = 718F974F2FB0AC64002739A6;
					};
					718F98212FBD612A002739A6 = {
						CreatedOnToolsVersion = 16.2;
					};
				};
			};
			buildConfigurationList = 718F974B2FB0AC64002739A6 /* Build configuration list for PBXProject "LessonCalendar" */;
			developmentRegion = en;
			hasScannedForEncodings = 0;
			knownRegions = (
				en,
				Base,
			);
			mainGroup = 718F97472FB0AC64002739A6;
			minimizedProjectReferenceProxies = 1;
			packageReferences = (
				7139B9FA2FFCBDE8009FACA6 /* XCRemoteSwiftPackageReference "firebase-ios-sdk" */,
			);
			preferredProjectObjectVersion = 77;
			productRefGroup = 718F97512FB0AC64002739A6 /* Products */;
			projectDirPath = "";
			projectRoot = "";
			targets = (
				718F974F2FB0AC64002739A6 /* LessonCalendar */,
				718F97612FB0AC66002739A6 /* LessonCalendarTests */,
				718F976B2FB0AC66002739A6 /* LessonCalendarUITests */,
				718F98212FBD612A002739A6 /* WidgetExtensionExtension */,
			);
		};
/* End PBXProject section */

/* Begin PBXResourcesBuildPhase section */
		718F974E2FB0AC64002739A6 /* Resources */ = {
			isa = PBXResourcesBuildPhase;
			buildActionMask = 2147483647;
			files = (
			);
			runOnlyForDeploymentPostprocessing = 0;
		};
		718F97602FB0AC66002739A6 /* Resources */ = {
			isa = PBXResourcesBuildPhase;
			buildActionMask = 2147483647;
			files = (
			);
			runOnlyForDeploymentPostprocessing = 0;
		};
		718F976A2FB0AC66002739A6 /* Resources */ = {
			isa = PBXResourcesBuildPhase;
			buildActionMask = 2147483647;
			files = (
			);
			runOnlyForDeploymentPostprocessing = 0;
		};
		718F98202FBD612A002739A6 /* Resources */ = {
			isa = PBXResourcesBuildPhase;
			buildActionMask = 2147483647;
			files = (
			);
			runOnlyForDeploymentPostprocessing = 0;
		};
/* End PBXResourcesBuildPhase section */

/* Begin PBXSourcesBuildPhase section */
		718F974C2FB0AC64002739A6 /* Sources */ = {
			isa = PBXSourcesBuildPhase;
			buildActionMask = 2147483647;
			files = (
			);
			runOnlyForDeploymentPostprocessing = 0;
		};
		718F975E2FB0AC66002739A6 /* Sources */ = {
			isa = PBXSourcesBuildPhase;
			buildActionMask = 2147483647;
			files = (
			);
			runOnlyForDeploymentPostprocessing = 0;
		};
		718F97682FB0AC66002739A6 /* Sources */ = {
			isa = PBXSourcesBuildPhase;
			buildActionMask = 2147483647;
			files = (
			);
			runOnlyForDeploymentPostprocessing = 0;
		};
		718F981E2FBD612A002739A6 /* Sources */ = {
			isa = PBXSourcesBuildPhase;
			buildActionMask = 2147483647;
			files = (
			);
			runOnlyForDeploymentPostprocessing = 0;
		};
/* End PBXSourcesBuildPhase section */

/* Begin PBXTargetDependency section */
		718F97642FB0AC66002739A6 /* PBXTargetDependency */ = {
			isa = PBXTargetDependency;
			target = 718F974F2FB0AC64002739A6 /* LessonCalendar */;
			targetProxy = 718F97632FB0AC66002739A6 /* PBXContainerItemProxy */;
		};
		718F976E2FB0AC66002739A6 /* PBXTargetDependency */ = {
			isa = PBXTargetDependency;
			target = 718F974F2FB0AC64002739A6 /* LessonCalendar */;
			targetProxy = 718F976D2FB0AC66002739A6 /* PBXContainerItemProxy */;
		};
		718F98332FBD612B002739A6 /* PBXTargetDependency */ = {
			isa = PBXTargetDependency;
			target = 718F98212FBD612A002739A6 /* WidgetExtensionExtension */;
			targetProxy = 718F98322FBD612B002739A6 /* PBXContainerItemProxy */;
		};
/* End PBXTargetDependency section */

/* Begin XCBuildConfiguration section */
		718F97742FB0AC66002739A6 /* Debug */ = {
			isa = XCBuildConfiguration;
			buildSettings = {
				ALWAYS_SEARCH_USER_PATHS = NO;
				ASSETCATALOG_COMPILER_GENERATE_SWIFT_ASSET_SYMBOL_EXTENSIONS = YES;
				CLANG_ANALYZER_NONNULL = YES;
				CLANG_ANALYZER_NUMBER_OBJECT_CONVERSION = YES_AGGRESSIVE;
				CLANG_CXX_LANGUAGE_STANDARD = "gnu++20";
				CLANG_ENABLE_MODULES = YES;
				CLANG_ENABLE_OBJC_ARC = YES;
				CLANG_ENABLE_OBJC_WEAK = YES;
				CLANG_WARN_BLOCK_CAPTURE_AUTORELEASING = YES;
				CLANG_WARN_BOOL_CONVERSION = YES;
				CLANG_WARN_COMMA = YES;
				CLANG_WARN_CONSTANT_CONVERSION = YES;
				CLANG_WARN_DEPRECATED_OBJC_IMPLEMENTATIONS = YES;
				CLANG_WARN_DIRECT_OBJC_ISA_USAGE = YES_ERROR;
				CLANG_WARN_DOCUMENTATION_COMMENTS = YES;
				CLANG_WARN_EMPTY_BODY = YES;
				CLANG_WARN_ENUM_CONVERSION = YES;
				CLANG_WARN_INFINITE_RECURSION = YES;
				CLANG_WARN_INT_CONVERSION = YES;
				CLANG_WARN_NON_LITERAL_NULL_CONVERSION = YES;
				CLANG_WARN_OBJC_IMPLICIT_RETAIN_SELF = YES;
				CLANG_WARN_OBJC_LITERAL_CONVERSION = YES;
				CLANG_WARN_OBJC_ROOT_CLASS = YES_ERROR;
				CLANG_WARN_QUOTED_INCLUDE_IN_FRAMEWORK_HEADER = YES;
				CLANG_WARN_RANGE_LOOP_ANALYSIS = YES;
				CLANG_WARN_STRICT_PROTOTYPES = YES;
				CLANG_WARN_SUSPICIOUS_MOVE = YES;
				CLANG_WARN_UNGUARDED_AVAILABILITY = YES_AGGRESSIVE;
				CLANG_WARN_UNREACHABLE_CODE = YES;
				CLANG_WARN__DUPLICATE_METHOD_MATCH = YES;
				COPY_PHASE_STRIP = NO;
				DEBUG_INFORMATION_FORMAT = dwarf;
				ENABLE_STRICT_OBJC_MSGSEND = YES;
				ENABLE_TESTABILITY = YES;
				ENABLE_USER_SCRIPT_SANDBOXING = YES;
				GCC_C_LANGUAGE_STANDARD = gnu17;
				GCC_DYNAMIC_NO_PIC = NO;
				GCC_NO_COMMON_BLOCKS = YES;
				GCC_OPTIMIZATION_LEVEL = 0;
				GCC_PREPROCESSOR_DEFINITIONS = (
					"DEBUG=1",
					"$(inherited)",
				);
				GCC_WARN_64_TO_32_BIT_CONVERSION = YES;
				GCC_WARN_ABOUT_RETURN_TYPE = YES_ERROR;
				GCC_WARN_UNDECLARED_SELECTOR = YES;
				GCC_WARN_UNINITIALIZED_AUTOS = YES_AGGRESSIVE;
				GCC_WARN_UNUSED_FUNCTION = YES;
				GCC_WARN_UNUSED_VARIABLE = YES;
				IPHONEOS_DEPLOYMENT_TARGET = 18.2;
				LOCALIZATION_PREFERS_STRING_CATALOGS = YES;
				MTL_ENABLE_DEBUG_INFO = INCLUDE_SOURCE;
				MTL_FAST_MATH = YES;
				ONLY_ACTIVE_ARCH = YES;
				SDKROOT = iphoneos;
				SWIFT_ACTIVE_COMPILATION_CONDITIONS = "DEBUG $(inherited)";
				SWIFT_OPTIMIZATION_LEVEL = "-Onone";
			};
			name = Debug;
		};
		718F97752FB0AC66002739A6 /* Release */ = {
			isa = XCBuildConfiguration;
			buildSettings = {
				ALWAYS_SEARCH_USER_PATHS = NO;
				ASSETCATALOG_COMPILER_GENERATE_SWIFT_ASSET_SYMBOL_EXTENSIONS = YES;
				CLANG_ANALYZER_NONNULL = YES;
				CLANG_ANALYZER_NUMBER_OBJECT_CONVERSION = YES_AGGRESSIVE;
				CLANG_CXX_LANGUAGE_STANDARD = "gnu++20";
				CLANG_ENABLE_MODULES = YES;
				CLANG_ENABLE_OBJC_ARC = YES;
				CLANG_ENABLE_OBJC_WEAK = YES;
				CLANG_WARN_BLOCK_CAPTURE_AUTORELEASING = YES;
				CLANG_WARN_BOOL_CONVERSION = YES;
				CLANG_WARN_COMMA = YES;
				CLANG_WARN_CONSTANT_CONVERSION = YES;
				CLANG_WARN_DEPRECATED_OBJC_IMPLEMENTATIONS = YES;
				CLANG_WARN_DIRECT_OBJC_ISA_USAGE = YES_ERROR;
				CLANG_WARN_DOCUMENTATION_COMMENTS = YES;
				CLANG_WARN_EMPTY_BODY = YES;
				CLANG_WARN_ENUM_CONVERSION = YES;
				CLANG_WARN_INFINITE_RECURSION = YES;
				CLANG_WARN_INT_CONVERSION = YES;
				CLANG_WARN_NON_LITERAL_NULL_CONVERSION = YES;
				CLANG_WARN_OBJC_IMPLICIT_RETAIN_SELF = YES;
				CLANG_WARN_OBJC_LITERAL_CONVERSION = YES;
				CLANG_WARN_OBJC_ROOT_CLASS = YES_ERROR;
				CLANG_WARN_QUOTED_INCLUDE_IN_FRAMEWORK_HEADER = YES;
				CLANG_WARN_RANGE_LOOP_ANALYSIS = YES;
				CLANG_WARN_STRICT_PROTOTYPES = YES;
				CLANG_WARN_SUSPICIOUS_MOVE = YES;
				CLANG_WARN_UNGUARDED_AVAILABILITY = YES_AGGRESSIVE;
				CLANG_WARN_UNREACHABLE_CODE = YES;
				CLANG_WARN__DUPLICATE_METHOD_MATCH = YES;
				COPY_PHASE_STRIP = NO;
				DEBUG_INFORMATION_FORMAT = "dwarf-with-dsym";
				ENABLE_NS_ASSERTIONS = NO;
				ENABLE_STRICT_OBJC_MSGSEND = YES;
				ENABLE_USER_SCRIPT_SANDBOXING = YES;
				GCC_C_LANGUAGE_STANDARD = gnu17;
				GCC_NO_COMMON_BLOCKS = YES;
				GCC_WARN_64_TO_32_BIT_CONVERSION = YES;
				GCC_WARN_ABOUT_RETURN_TYPE = YES_ERROR;
				GCC_WARN_UNDECLARED_SELECTOR = YES;
				GCC_WARN_UNINITIALIZED_AUTOS = YES_AGGRESSIVE;
				GCC_WARN_UNUSED_FUNCTION = YES;
				GCC_WARN_UNUSED_VARIABLE = YES;
				IPHONEOS_DEPLOYMENT_TARGET = 18.2;
				LOCALIZATION_PREFERS_STRING_CATALOGS = YES;
				MTL_ENABLE_DEBUG_INFO = NO;
				MTL_FAST_MATH = YES;
				SDKROOT = iphoneos;
				SWIFT_COMPILATION_MODE = wholemodule;
				VALIDATE_PRODUCT = YES;
			};
			name = Release;
		};
		718F97772FB0AC66002739A6 /* Debug */ = {
			isa = XCBuildConfiguration;
			buildSettings = {
				ASSETCATALOG_COMPILER_APPICON_NAME = AppIcon;
				ASSETCATALOG_COMPILER_GLOBAL_ACCENT_COLOR_NAME = AccentColor;
				CODE_SIGN_ENTITLEMENTS = LessonCalendar/LessonCalendar.entitlements;
				CODE_SIGN_IDENTITY = "Apple Development";
				CODE_SIGN_STYLE = Automatic;
				CURRENT_PROJECT_VERSION = 1;
				DEVELOPMENT_ASSET_PATHS = "\"LessonCalendar/Preview Content\"";
				DEVELOPMENT_TEAM = R83JF9K5WA;
				ENABLE_PREVIEWS = YES;
				GENERATE_INFOPLIST_FILE = YES;
				INFOPLIST_KEY_UIApplicationSceneManifest_Generation = YES;
				INFOPLIST_KEY_UIApplicationSupportsIndirectInputEvents = YES;
				INFOPLIST_KEY_UILaunchScreen_Generation = YES;
				INFOPLIST_KEY_UISupportedInterfaceOrientations_iPad = "UIInterfaceOrientationPortrait UIInterfaceOrientationPortraitUpsideDown UIInterfaceOrientationLandscapeLeft UIInterfaceOrientationLandscapeRight";
				INFOPLIST_KEY_UISupportedInterfaceOrientations_iPhone = "UIInterfaceOrientationPortrait UIInterfaceOrientationLandscapeLeft UIInterfaceOrientationLandscapeRight";
				LD_RUNPATH_SEARCH_PATHS = (
					"$(inherited)",
					"@executable_path/Frameworks",
				);
				MARKETING_VERSION = 1.0;
				PRODUCT_BUNDLE_IDENTIFIER = Siye.LessonCalendar;
				PRODUCT_NAME = "$(TARGET_NAME)";
				PROVISIONING_PROFILE_SPECIFIER = "";
				SWIFT_EMIT_LOC_STRINGS = YES;
				SWIFT_VERSION = 5.0;
				TARGETED_DEVICE_FAMILY = "1,2";
			};
			name = Debug;
		};
		718F97782FB0AC66002739A6 /* Release */ = {
			isa = XCBuildConfiguration;
			buildSettings = {
				ASSETCATALOG_COMPILER_APPICON_NAME = AppIcon;
				ASSETCATALOG_COMPILER_GLOBAL_ACCENT_COLOR_NAME = AccentColor;
				CODE_SIGN_ENTITLEMENTS = LessonCalendar/LessonCalendar.entitlements;
				CODE_SIGN_IDENTITY = "Apple Development";
				CODE_SIGN_STYLE = Automatic;
				CURRENT_PROJECT_VERSION = 1;
				DEVELOPMENT_ASSET_PATHS = "\"LessonCalendar/Preview Content\"";
				DEVELOPMENT_TEAM = R83JF9K5WA;
				ENABLE_PREVIEWS = YES;
				GENERATE_INFOPLIST_FILE = YES;
				INFOPLIST_KEY_UIApplicationSceneManifest_Generation = YES;
				INFOPLIST_KEY_UIApplicationSupportsIndirectInputEvents = YES;
				INFOPLIST_KEY_UILaunchScreen_Generation = YES;
				INFOPLIST_KEY_UISupportedInterfaceOrientations_iPad = "UIInterfaceOrientationPortrait UIInterfaceOrientationPortraitUpsideDown UIInterfaceOrientationLandscapeLeft UIInterfaceOrientationLandscapeRight";
				INFOPLIST_KEY_UISupportedInterfaceOrientations_iPhone = "UIInterfaceOrientationPortrait UIInterfaceOrientationLandscapeLeft UIInterfaceOrientationLandscapeRight";
				LD_RUNPATH_SEARCH_PATHS = (
					"$(inherited)",
					"@executable_path/Frameworks",
				);
				MARKETING_VERSION = 1.0;
				PRODUCT_BUNDLE_IDENTIFIER = Siye.LessonCalendar;
				PRODUCT_NAME = "$(TARGET_NAME)";
				PROVISIONING_PROFILE_SPECIFIER = "";
				SWIFT_EMIT_LOC_STRINGS = YES;
				SWIFT_VERSION = 5.0;
				TARGETED_DEVICE_FAMILY = "1,2";
			};
			name = Release;
		};
		718F977A2FB0AC66002739A6 /* Debug */ = {
			isa = XCBuildConfiguration;
			buildSettings = {
				BUNDLE_LOADER = "$(TEST_HOST)";
				CODE_SIGN_STYLE = Automatic;
				CURRENT_PROJECT_VERSION = 1;
				DEVELOPMENT_TEAM = R83JF9K5WA;
				GENERATE_INFOPLIST_FILE = YES;
				IPHONEOS_DEPLOYMENT_TARGET = 18.2;
				MARKETING_VERSION = 1.0;
				PRODUCT_BUNDLE_IDENTIFIER = Siye.LessonCalendarTests;
				PRODUCT_NAME = "$(TARGET_NAME)";
				SWIFT_EMIT_LOC_STRINGS = NO;
				SWIFT_VERSION = 5.0;
				TARGETED_DEVICE_FAMILY = "1,2";
				TEST_HOST = "$(BUILT_PRODUCTS_DIR)/LessonCalendar.app/$(BUNDLE_EXECUTABLE_FOLDER_PATH)/LessonCalendar";
			};
			name = Debug;
		};
		718F977B2FB0AC66002739A6 /* Release */ = {
			isa = XCBuildConfiguration;
			buildSettings = {
				BUNDLE_LOADER = "$(TEST_HOST)";
				CODE_SIGN_STYLE = Automatic;
				CURRENT_PROJECT_VERSION = 1;
				DEVELOPMENT_TEAM = R83JF9K5WA;
				GENERATE_INFOPLIST_FILE = YES;
				IPHONEOS_DEPLOYMENT_TARGET = 18.2;
				MARKETING_VERSION = 1.0;
				PRODUCT_BUNDLE_IDENTIFIER = Siye.LessonCalendarTests;
				PRODUCT_NAME = "$(TARGET_NAME)";
				SWIFT_EMIT_LOC_STRINGS = NO;
				SWIFT_VERSION = 5.0;
				TARGETED_DEVICE_FAMILY = "1,2";
				TEST_HOST = "$(BUILT_PRODUCTS_DIR)/LessonCalendar.app/$(BUNDLE_EXECUTABLE_FOLDER_PATH)/LessonCalendar";
			};
			name = Release;
		};
		718F977D2FB0AC66002739A6 /* Debug */ = {
			isa = XCBuildConfiguration;
			buildSettings = {
				CODE_SIGN_STYLE = Automatic;
				CURRENT_PROJECT_VERSION = 1;
				DEVELOPMENT_TEAM = R83JF9K5WA;
				GENERATE_INFOPLIST_FILE = YES;
				MARKETING_VERSION = 1.0;
				PRODUCT_BUNDLE_IDENTIFIER = Siye.LessonCalendarUITests;
				PRODUCT_NAME = "$(TARGET_NAME)";
				SWIFT_EMIT_LOC_STRINGS = NO;
				SWIFT_VERSION = 5.0;
				TARGETED_DEVICE_FAMILY = "1,2";
				TEST_TARGET_NAME = LessonCalendar;
			};
			name = Debug;
		};
		718F977E2FB0AC66002739A6 /* Release */ = {
			isa = XCBuildConfiguration;
			buildSettings = {
				CODE_SIGN_STYLE = Automatic;
				CURRENT_PROJECT_VERSION = 1;
				DEVELOPMENT_TEAM = R83JF9K5WA;
				GENERATE_INFOPLIST_FILE = YES;
				MARKETING_VERSION = 1.0;
				PRODUCT_BUNDLE_IDENTIFIER = Siye.LessonCalendarUITests;
				PRODUCT_NAME = "$(TARGET_NAME)";
				SWIFT_EMIT_LOC_STRINGS = NO;
				SWIFT_VERSION = 5.0;
				TARGETED_DEVICE_FAMILY = "1,2";
				TEST_TARGET_NAME = LessonCalendar;
			};
			name = Release;
		};
		718F98362FBD612B002739A6 /* Debug */ = {
			isa = XCBuildConfiguration;
			buildSettings = {
				ASSETCATALOG_COMPILER_GLOBAL_ACCENT_COLOR_NAME = AccentColor;
				ASSETCATALOG_COMPILER_WIDGET_BACKGROUND_COLOR_NAME = WidgetBackground;
				CODE_SIGN_ENTITLEMENTS = WidgetExtensionExtension.entitlements;
				CODE_SIGN_STYLE = Automatic;
				CURRENT_PROJECT_VERSION = 1;
				DEVELOPMENT_TEAM = R83JF9K5WA;
				GENERATE_INFOPLIST_FILE = YES;
				INFOPLIST_FILE = WidgetExtension/Info.plist;
				INFOPLIST_KEY_CFBundleDisplayName = WidgetExtension;
				INFOPLIST_KEY_NSHumanReadableCopyright = "";
				LD_RUNPATH_SEARCH_PATHS = (
					"$(inherited)",
					"@executable_path/Frameworks",
					"@executable_path/../../Frameworks",
				);
				MARKETING_VERSION = 1.0;
				PRODUCT_BUNDLE_IDENTIFIER = Siye.LessonCalendar.WidgetExtension;
				PRODUCT_NAME = "$(TARGET_NAME)";
				SKIP_INSTALL = YES;
				SWIFT_EMIT_LOC_STRINGS = YES;
				SWIFT_VERSION = 5.0;
				TARGETED_DEVICE_FAMILY = "1,2";
			};
			name = Debug;
		};
		718F98372FBD612B002739A6 /* Release */ = {
			isa = XCBuildConfiguration;
			buildSettings = {
				ASSETCATALOG_COMPILER_GLOBAL_ACCENT_COLOR_NAME = AccentColor;
				ASSETCATALOG_COMPILER_WIDGET_BACKGROUND_COLOR_NAME = WidgetBackground;
				CODE_SIGN_ENTITLEMENTS = WidgetExtensionExtension.entitlements;
				CODE_SIGN_STYLE = Automatic;
				CURRENT_PROJECT_VERSION = 1;
				DEVELOPMENT_TEAM = R83JF9K5WA;
				GENERATE_INFOPLIST_FILE = YES;
				INFOPLIST_FILE = WidgetExtension/Info.plist;
				INFOPLIST_KEY_CFBundleDisplayName = WidgetExtension;
				INFOPLIST_KEY_NSHumanReadableCopyright = "";
				LD_RUNPATH_SEARCH_PATHS = (
					"$(inherited)",
					"@executable_path/Frameworks",
					"@executable_path/../../Frameworks",
				);
				MARKETING_VERSION = 1.0;
				PRODUCT_BUNDLE_IDENTIFIER = Siye.LessonCalendar.WidgetExtension;
				PRODUCT_NAME = "$(TARGET_NAME)";
				SKIP_INSTALL = YES;
				SWIFT_EMIT_LOC_STRINGS = YES;
				SWIFT_VERSION = 5.0;
				TARGETED_DEVICE_FAMILY = "1,2";
			};
			name = Release;
		};
/* End XCBuildConfiguration section */

/* Begin XCConfigurationList section */
		718F974B2FB0AC64002739A6 /* Build configuration list for PBXProject "LessonCalendar" */ = {
			isa = XCConfigurationList;
			buildConfigurations = (
				718F97742FB0AC66002739A6 /* Debug */,
				718F97752FB0AC66002739A6 /* Release */,
			);
			defaultConfigurationIsVisible = 0;
			defaultConfigurationName = Release;
		};
		718F97762FB0AC66002739A6 /* Build configuration list for PBXNativeTarget "LessonCalendar" */ = {
			isa = XCConfigurationList;
			buildConfigurations = (
				718F97772FB0AC66002739A6 /* Debug */,
				718F97782FB0AC66002739A6 /* Release */,
			);
			defaultConfigurationIsVisible = 0;
			defaultConfigurationName = Release;
		};
		718F97792FB0AC66002739A6 /* Build configuration list for PBXNativeTarget "LessonCalendarTests" */ = {
			isa = XCConfigurationList;
			buildConfigurations = (
				718F977A2FB0AC66002739A6 /* Debug */,
				718F977B2FB0AC66002739A6 /* Release */,
			);
			defaultConfigurationIsVisible = 0;
			defaultConfigurationName = Release;
		};
		718F977C2FB0AC66002739A6 /* Build configuration list for PBXNativeTarget "LessonCalendarUITests" */ = {
			isa = XCConfigurationList;
			buildConfigurations = (
				718F977D2FB0AC66002739A6 /* Debug */,
				718F977E2FB0AC66002739A6 /* Release */,
			);
			defaultConfigurationIsVisible = 0;
			defaultConfigurationName = Release;
		};
		718F98392FBD612B002739A6 /* Build configuration list for PBXNativeTarget "WidgetExtensionExtension" */ = {
			isa = XCConfigurationList;
			buildConfigurations = (
				718F98362FBD612B002739A6 /* Debug */,
				718F98372FBD612B002739A6 /* Release */,
			);
			defaultConfigurationIsVisible = 0;
			defaultConfigurationName = Release;
		};
/* End XCConfigurationList section */

/* Begin XCRemoteSwiftPackageReference section */
		7139B9FA2FFCBDE8009FACA6 /* XCRemoteSwiftPackageReference "firebase-ios-sdk" */ = {
			isa = XCRemoteSwiftPackageReference;
			repositoryURL = "https://github.com/firebase/firebase-ios-sdk";
			requirement = {
				kind = upToNextMajorVersion;
				minimumVersion = 12.15.0;
			};
		};
/* End XCRemoteSwiftPackageReference section */

/* Begin XCSwiftPackageProductDependency section */
		7139B9FB2FFCBDE8009FACA6 /* FirebaseCore */ = {
			isa = XCSwiftPackageProductDependency;
			package = 7139B9FA2FFCBDE8009FACA6 /* XCRemoteSwiftPackageReference "firebase-ios-sdk" */;
			productName = FirebaseCore;
		};
		7139B9FD2FFCBDE8009FACA6 /* FirebaseFirestore */ = {
			isa = XCSwiftPackageProductDependency;
			package = 7139B9FA2FFCBDE8009FACA6 /* XCRemoteSwiftPackageReference "firebase-ios-sdk" */;
			productName = FirebaseFirestore;
		};
/* End XCSwiftPackageProductDependency section */
	};
	rootObject = 718F97482FB0AC64002739A6 /* Project object */;
}
